
Microsoft Visual Studio Solution File, Format Version 12.00
# Visual Studio Version 17
VisualStudioVersion = 17.7.34221.43
MinimumVisualStudioVersion = 10.0.40219.1
Project("{8BC9CEB8-8B4A-11D0-8D11-00A0C91BC942}") = "UnitsBattle", "UnitsBattle-P41\UnitsBattle-P41.vcxproj", "{1AC28C49-12ED-4F22-80FC-CC089A44D890}"
EndProject
Global
	GlobalSection(SolutionConfigurationPlatforms) = preSolution
		Debug|x64 = Debug|x64
		Debug|x86 = Debug|x86
		Release|x64 = Release|x64
		Release|x86 = Release|x86
	EndGlobalSection
	GlobalSection(ProjectConfigurationPlatforms) = postSolution
		{1AC28C49-12ED-4F22-80FC-CC089A44D890}.Debug|x64.ActiveCfg = Debug|x64
		{1AC28C49-12ED-4F22-80FC-CC089A44D890}.Debug|x64.Build.0 = Debug|x64
		{1AC28C49-12ED-4F22-80FC-CC089A44D890}.Debug|x86.ActiveCfg = Debug|Win32
		{1AC28C49-12ED-4F22-80FC-CC089A44D890}.Debug|x86.Build.0 = Debug|Win32
		{1AC28C49-12ED-4F22-80FC-CC089A44D890}.Release|x64.ActiveCfg = Release|x64
		{1AC28C49-12ED-4F22-80FC-CC089A44D890}.Release|x64.Build.0 = Release|x64
		{1AC28C49-12ED-4F22-80FC-CC089A44D890}.Release|x86.ActiveCfg = Release|Win32
		{1AC28C49-12ED-4F22-80FC-CC089A44D890}.Release|x86.Build.0 = Release|Win32
	EndGlobalSection
	GlobalSection(SolutionProperties) = preSolution
		HideSolutionNode = FALSE
	EndGlobalSection
	GlobalSection(ExtensibilityGlobals) = postSolution
		SolutionGuid = {E24407E4-4CEB-457B-9DF9-DB373A904C4F}
	EndGlobalSection
EndGlobal
